
Microsoft Visual Studio Solution File, Format Version 12.00
# Visual Studio Version 16
VisualStudioVersion = 16.0.29709.97
MinimumVisualStudioVersion = 10.0.40219.1
Project("{FAE04EC0-301F-11D3-BF4B-00C04F79EFBC}") = "EmployeeAccounting", "EmployeeAccounting\EmployeeAccounting.csproj", "{2982104A-08ED-4968-A129-A499F19FCEB8}"
EndProject
Global
	GlobalSection(SolutionConfigurationPlatforms) = preSolution
		Debug|Any CPU = Debug|Any CPU
		Release|Any CPU = Release|Any CPU
	EndGlobalSection
	GlobalSection(ProjectConfigurationPlatforms) = postSolution
		{2982104A-08ED-4968-A129-A499F19FCEB8}.Debug|Any CPU.ActiveCfg = Debug|Any CPU
		{2982104A-08ED-4968-A129-A499F19FCEB8}.Debug|Any CPU.Build.0 = Debug|Any CPU
		{2982104A-08ED-4968-A129-A499F19FCEB8}.Release|Any CPU.ActiveCfg = Release|Any CPU
		{2982104A-08ED-4968-A129-A499F19FCEB8}.Release|Any CPU.Build.0 = Release|Any CPU
	EndGlobalSection
	GlobalSection(SolutionProperties) = preSolution
		HideSolutionNode = FALSE
	EndGlobalSection
	GlobalSection(ExtensibilityGlobals) = postSolution
		SolutionGuid = {F7E1E92C-A458-42CD-A183-B3BA1E434554}
	EndGlobalSection
EndGlobal
